
Microsoft Visual Studio Solution File, Format Version 12.00
# Visual Studio 15
VisualStudioVersion = 15.0.26124.0
MinimumVisualStudioVersion = 15.0.26124.0
Project("{FAE04EC0-301F-11D3-BF4B-00C04F79EFBC}") = "ConsoleClient", "ConsoleClient\ConsoleClient.csproj", "{3D4987A1-49E4-44C5-AD46-C789F8B8A73B}"
EndProject
Project("{FAE04EC0-301F-11D3-BF4B-00C04F79EFBC}") = "Tests", "Tests\Tests.csproj", "{CDAB1921-ADC0-4C04-9697-E82999B2D48C}"
EndProject
Project("{FAE04EC0-301F-11D3-BF4B-00C04F79EFBC}") = "Webservice", "Webservice\Webservice.csproj", "{DA567C61-5EED-4D8C-A507-24A44C7838D0}"
EndProject
Global
	GlobalSection(SolutionConfigurationPlatforms) = preSolution
		Debug|Any CPU = Debug|Any CPU
		Debug|x64 = Debug|x64
		Debug|x86 = Debug|x86
		Release|Any CPU = Release|Any CPU
		Release|x64 = Release|x64
		Release|x86 = Release|x86
	EndGlobalSection
	GlobalSection(SolutionProperties) = preSolution
		HideSolutionNode = FALSE
	EndGlobalSection
	GlobalSection(ProjectConfigurationPlatforms) = postSolution
		{3D4987A1-49E4-44C5-AD46-C789F8B8A73B}.Debug|Any CPU.ActiveCfg = Debug|Any CPU
		{3D4987A1-49E4-44C5-AD46-C789F8B8A73B}.Debug|Any CPU.Build.0 = Debug|Any CPU
		{3D4987A1-49E4-44C5-AD46-C789F8B8A73B}.Debug|x64.ActiveCfg = Debug|Any CPU
		{3D4987A1-49E4-44C5-AD46-C789F8B8A73B}.Debug|x64.Build.0 = Debug|Any CPU
		{3D4987A1-49E4-44C5-AD46-C789F8B8A73B}.Debug|x86.ActiveCfg = Debug|Any CPU
		{3D4987A1-49E4-44C5-AD46-C789F8B8A73B}.Debug|x86.Build.0 = Debug|Any CPU
		{3D4987A1-49E4-44C5-AD46-C789F8B8A73B}.Release|Any CPU.ActiveCfg = Release|Any CPU
		{3D4987A1-49E4-44C5-AD46-C789F8B8A73B}.Release|Any CPU.Build.0 = Release|Any CPU
		{3D4987A1-49E4-44C5-AD46-C789F8B8A73B}.Release|x64.ActiveCfg = Release|Any CPU
		{3D4987A1-49E4-44C5-AD46-C789F8B8A73B}.Release|x64.Build.0 = Release|Any CPU
		{3D4987A1-49E4-44C5-AD46-C789F8B8A73B}.Release|x86.ActiveCfg = Release|Any CPU
		{3D4987A1-49E4-44C5-AD46-C789F8B8A73B}.Release|x86.Build.0 = Release|Any CPU
		{CDAB1921-ADC0-4C04-9697-E82999B2D48C}.Debug|Any CPU.ActiveCfg = Debug|Any CPU
		{CDAB1921-ADC0-4C04-9697-E82999B2D48C}.Debug|Any CPU.Build.0 = Debug|Any CPU
		{CDAB1921-ADC0-4C04-9697-E82999B2D48C}.Debug|x64.ActiveCfg = Debug|Any CPU
		{CDAB1921-ADC0-4C04-9697-E82999B2D48C}.Debug|x64.Build.0 = Debug|Any CPU
		{CDAB1921-ADC0-4C04-9697-E82999B2D48C}.Debug|x86.ActiveCfg = Debug|Any CPU
		{CDAB1921-ADC0-4C04-9697-E82999B2D48C}.Debug|x86.Build.0 = Debug|Any CPU
		{CDAB1921-ADC0-4C04-9697-E82999B2D48C}.Release|Any CPU.ActiveCfg = Release|Any CPU
		{CDAB1921-ADC0-4C04-9697-E82999B2D48C}.Release|Any CPU.Build.0 = Release|Any CPU
		{CDAB1921-ADC0-4C04-9697-E82999B2D48C}.Release|x64.ActiveCfg = Release|Any CPU
		{CDAB1921-ADC0-4C04-9697-E82999B2D48C}.Release|x64.Build.0 = Release|Any CPU
		{CDAB1921-ADC0-4C04-9697-E82999B2D48C}.Release|x86.ActiveCfg = Release|Any CPU
		{CDAB1921-ADC0-4C04-9697-E82999B2D48C}.Release|x86.Build.0 = Release|Any CPU
		{DA567C61-5EED-4D8C-A507-24A44C7838D0}.Debug|Any CPU.ActiveCfg = Debug|Any CPU
		{DA567C61-5EED-4D8C-A507-24A44C7838D0}.Debug|Any CPU.Build.0 = Debug|Any CPU
		{DA567C61-5EED-4D8C-A507-24A44C7838D0}.Debug|x64.ActiveCfg = Debug|Any CPU
		{DA567C61-5EED-4D8C-A507-24A44C7838D0}.Debug|x64.Build.0 = Debug|Any CPU
		{DA567C61-5EED-4D8C-A507-24A44C7838D0}.Debug|x86.ActiveCfg = Debug|Any CPU
		{DA567C61-5EED-4D8C-A507-24A44C7838D0}.Debug|x86.Build.0 = Debug|Any CPU
		{DA567C61-5EED-4D8C-A507-24A44C7838D0}.Release|Any CPU.ActiveCfg = Release|Any CPU
		{DA567C61-5EED-4D8C-A507-24A44C7838D0}.Release|Any CPU.Build.0 = Release|Any CPU
		{DA567C61-5EED-4D8C-A507-24A44C7838D0}.Release|x64.ActiveCfg = Release|Any CPU
		{DA567C61-5EED-4D8C-A507-24A44C7838D0}.Release|x64.Build.0 = Release|Any CPU
		{DA567C61-5EED-4D8C-A507-24A44C7838D0}.Release|x86.ActiveCfg = Release|Any CPU
		{DA567C61-5EED-4D8C-A507-24A44C7838D0}.Release|x86.Build.0 = Release|Any CPU
	EndGlobalSection
EndGlobal
